
Microsoft Visual Studio Solution File, Format Version 12.00
# Visual Studio Version 17
VisualStudioVersion = 17.1.32228.430
MinimumVisualStudioVersion = 10.0.40219.1
Project("{2150E333-8FDC-42A3-9474-1A3956D46DE8}") = "Layers", "Layers", "{EDA8FD31-F141-4AF6-B613-A3C2DD029D29}"
EndProject
Project("{2150E333-8FDC-42A3-9474-1A3956D46DE8}") = "1- Distributed Services", "1- Distributed Services", "{32A79872-99AA-4781-9068-9A4128B4710F}"
EndProject
Project("{9A19103F-16F7-4668-BE54-9A1E7A4F7556}") = "Rooms.Api", "Rooms.Api\Rooms.Api.csproj", "{B752E6A8-C617-40AB-9520-81488C436E9D}"
EndProject
Project("{2150E333-8FDC-42A3-9474-1A3956D46DE8}") = "2-Aplications", "2-Aplications", "{D6D5C2E5-8FE1-4F0F-9272-27FE6390D8BC}"
EndProject
Project("{2150E333-8FDC-42A3-9474-1A3956D46DE8}") = "3-Business", "3-Business", "{B7EC079F-0AE8-42A4-B233-62763FD92DDA}"
EndProject
Project("{2150E333-8FDC-42A3-9474-1A3956D46DE8}") = "4-DataAccess", "4-DataAccess", "{4E959FA5-E1F7-49CA-A458-E2691AF57FF8}"
EndProject
Project("{2150E333-8FDC-42A3-9474-1A3956D46DE8}") = "5-Cross-Cutting", "5-Cross-Cutting", "{64D6B4C2-9678-4248-B372-245ED57C3C45}"
EndProject
Project("{9A19103F-16F7-4668-BE54-9A1E7A4F7556}") = "Rooms.Aplication", "Rooms.Aplication\Rooms.Aplication.csproj", "{5104932E-54D4-409A-8729-20486265A40E}"
EndProject
Project("{9A19103F-16F7-4668-BE54-9A1E7A4F7556}") = "Rooms.Aplication.Contracts", "Rooms.Aplication.Contracts\Rooms.Aplication.Contracts.csproj", "{2F0C07EA-442A-4339-96F7-A266B272C5DA}"
EndProject
Project("{9A19103F-16F7-4668-BE54-9A1E7A4F7556}") = "Rooms.Business", "Rooms.Business\Rooms.Business.csproj", "{ECA70B5B-8FDA-4A52-A2CE-9B0B1999F73C}"
EndProject
Project("{9A19103F-16F7-4668-BE54-9A1E7A4F7556}") = "Rooms.DataAccess", "Rooms.DataAccess\Rooms.DataAccess.csproj", "{7742A1D7-126D-4BF6-85D1-347E3E811DB9}"
EndProject
Project("{9A19103F-16F7-4668-BE54-9A1E7A4F7556}") = "Rooms.DataAccess.Contracts", "Rooms.DataAccess.Contracts\Rooms.DataAccess.Contracts.csproj", "{9E834577-051C-4C90-8876-67C164BAFC9D}"
EndProject
Project("{FAE04EC0-301F-11D3-BF4B-00C04F79EFBC}") = "Room.CrossCutting", "Room.CrossCutting\Room.CrossCutting.csproj", "{02C8E489-022E-4009-AFEB-E21FFDBCFB99}"
EndProject
Global
	GlobalSection(SolutionConfigurationPlatforms) = preSolution
		Debug|Any CPU = Debug|Any CPU
		Release|Any CPU = Release|Any CPU
	EndGlobalSection
	GlobalSection(ProjectConfigurationPlatforms) = postSolution
		{B752E6A8-C617-40AB-9520-81488C436E9D}.Debug|Any CPU.ActiveCfg = Debug|Any CPU
		{B752E6A8-C617-40AB-9520-81488C436E9D}.Debug|Any CPU.Build.0 = Debug|Any CPU
		{B752E6A8-C617-40AB-9520-81488C436E9D}.Release|Any CPU.ActiveCfg = Release|Any CPU
		{B752E6A8-C617-40AB-9520-81488C436E9D}.Release|Any CPU.Build.0 = Release|Any CPU
		{5104932E-54D4-409A-8729-20486265A40E}.Debug|Any CPU.ActiveCfg = Debug|Any CPU
		{5104932E-54D4-409A-8729-20486265A40E}.Debug|Any CPU.Build.0 = Debug|Any CPU
		{5104932E-54D4-409A-8729-20486265A40E}.Release|Any CPU.ActiveCfg = Release|Any CPU
		{5104932E-54D4-409A-8729-20486265A40E}.Release|Any CPU.Build.0 = Release|Any CPU
		{2F0C07EA-442A-4339-96F7-A266B272C5DA}.Debug|Any CPU.ActiveCfg = Debug|Any CPU
		{2F0C07EA-442A-4339-96F7-A266B272C5DA}.Debug|Any CPU.Build.0 = Debug|Any CPU
		{2F0C07EA-442A-4339-96F7-A266B272C5DA}.Release|Any CPU.ActiveCfg = Release|Any CPU
		{2F0C07EA-442A-4339-96F7-A266B272C5DA}.Release|Any CPU.Build.0 = Release|Any CPU
		{ECA70B5B-8FDA-4A52-A2CE-9B0B1999F73C}.Debug|Any CPU.ActiveCfg = Debug|Any CPU
		{ECA70B5B-8FDA-4A52-A2CE-9B0B1999F73C}.Debug|Any CPU.Build.0 = Debug|Any CPU
		{ECA70B5B-8FDA-4A52-A2CE-9B0B1999F73C}.Release|Any CPU.ActiveCfg = Release|Any CPU
		{ECA70B5B-8FDA-4A52-A2CE-9B0B1999F73C}.Release|Any CPU.Build.0 = Release|Any CPU
		{7742A1D7-126D-4BF6-85D1-347E3E811DB9}.Debug|Any CPU.ActiveCfg = Debug|Any CPU
		{7742A1D7-126D-4BF6-85D1-347E3E811DB9}.Debug|Any CPU.Build.0 = Debug|Any CPU
		{7742A1D7-126D-4BF6-85D1-347E3E811DB9}.Release|Any CPU.ActiveCfg = Release|Any CPU
		{7742A1D7-126D-4BF6-85D1-347E3E811DB9}.Release|Any CPU.Build.0 = Release|Any CPU
		{9E834577-051C-4C90-8876-67C164BAFC9D}.Debug|Any CPU.ActiveCfg = Debug|Any CPU
		{9E834577-051C-4C90-8876-67C164BAFC9D}.Debug|Any CPU.Build.0 = Debug|Any CPU
		{9E834577-051C-4C90-8876-67C164BAFC9D}.Release|Any CPU.ActiveCfg = Release|Any CPU
		{9E834577-051C-4C90-8876-67C164BAFC9D}.Release|Any CPU.Build.0 = Release|Any CPU
		{02C8E489-022E-4009-AFEB-E21FFDBCFB99}.Debug|Any CPU.ActiveCfg = Debug|Any CPU
		{02C8E489-022E-4009-AFEB-E21FFDBCFB99}.Debug|Any CPU.Build.0 = Debug|Any CPU
		{02C8E489-022E-4009-AFEB-E21FFDBCFB99}.Release|Any CPU.ActiveCfg = Release|Any CPU
		{02C8E489-022E-4009-AFEB-E21FFDBCFB99}.Release|Any CPU.Build.0 = Release|Any CPU
	EndGlobalSection
	GlobalSection(SolutionProperties) = preSolution
		HideSolutionNode = FALSE
	EndGlobalSection
	GlobalSection(NestedProjects) = preSolution
		{32A79872-99AA-4781-9068-9A4128B4710F} = {EDA8FD31-F141-4AF6-B613-A3C2DD029D29}
		{B752E6A8-C617-40AB-9520-81488C436E9D} = {32A79872-99AA-4781-9068-9A4128B4710F}
		{D6D5C2E5-8FE1-4F0F-9272-27FE6390D8BC} = {EDA8FD31-F141-4AF6-B613-A3C2DD029D29}
		{B7EC079F-0AE8-42A4-B233-62763FD92DDA} = {EDA8FD31-F141-4AF6-B613-A3C2DD029D29}
		{4E959FA5-E1F7-49CA-A458-E2691AF57FF8} = {EDA8FD31-F141-4AF6-B613-A3C2DD029D29}
		{64D6B4C2-9678-4248-B372-245ED57C3C45} = {EDA8FD31-F141-4AF6-B613-A3C2DD029D29}
		{5104932E-54D4-409A-8729-20486265A40E} = {D6D5C2E5-8FE1-4F0F-9272-27FE6390D8BC}
		{2F0C07EA-442A-4339-96F7-A266B272C5DA} = {D6D5C2E5-8FE1-4F0F-9272-27FE6390D8BC}
		{ECA70B5B-8FDA-4A52-A2CE-9B0B1999F73C} = {B7EC079F-0AE8-42A4-B233-62763FD92DDA}
		{7742A1D7-126D-4BF6-85D1-347E3E811DB9} = {4E959FA5-E1F7-49CA-A458-E2691AF57FF8}
		{9E834577-051C-4C90-8876-67C164BAFC9D} = {4E959FA5-E1F7-49CA-A458-E2691AF57FF8}
		{02C8E489-022E-4009-AFEB-E21FFDBCFB99} = {64D6B4C2-9678-4248-B372-245ED57C3C45}
	EndGlobalSection
	GlobalSection(ExtensibilityGlobals) = postSolution
		SolutionGuid = {718FCCA0-25F9-425C-8067-E767DD46805B}
	EndGlobalSection
EndGlobal
